// !$*UTF8*$!
{
	archiveVersion = 1;
	classes = {
	};
	objectVersion = 46;
	objects = {

/* Begin PBXBuildFile section */
		3C11A29E1E4A409D0087FD4F /* Forecast.swift in Sources */ = {isa = PBXBuildFile; fileRef = 3C11A29D1E4A409D0087FD4F /* Forecast.swift */; };
		3C53AFD61E2842F600A85DCF /* WeatherVC.swift in Sources */ = {isa = PBXBuildFile; fileRef = 3C53AFD51E2842F600A85DCF /* WeatherVC.swift */; };
		3C6CA88D1E5226560018A430 /* CitiesVC.swift in Sources */ = {isa = PBXBuildFile; fileRef = 3C6CA88C1E5226560018A430 /* CitiesVC.swift */; };
		3C6CA88F1E522CC70018A430 /* City.swift in Sources */ = {isa = PBXBuildFile; fileRef = 3C6CA88E1E522CC70018A430 /* City.swift */; };
		3C954AB01E4F68E800DAD9A3 /* WeatherServices.swift in Sources */ = {isa = PBXBuildFile; fileRef = 3C954AAF1E4F68E800DAD9A3 /* WeatherServices.swift */; };
		3CA321111E26F2D8008B9F99 /* AppDelegate.swift in Sources */ = {isa = PBXBuildFile; fileRef = 3CA321101E26F2D8008B9F99 /* AppDelegate.swift */; };
		3CA321161E26F2D9008B9F99 /* Main.storyboard in Resources */ = {isa = PBXBuildFile; fileRef = 3CA321141E26F2D9008B9F99 /* Main.storyboard */; };
		3CA321181E26F2D9008B9F99 /* Assets.xcassets in Resources */ = {isa = PBXBuildFile; fileRef = 3CA321171E26F2D9008B9F99 /* Assets.xcassets */; };
		3CA3211B1E26F2D9008B9F99 /* LaunchScreen.storyboard in Resources */ = {isa = PBXBuildFile; fileRef = 3CA321191E26F2D9008B9F99 /* LaunchScreen.storyboard */; };
		3CAB54011E27A60800B21021 /* Podfile in Resources */ = {isa = PBXBuildFile; fileRef = 3CAB54001E27A60800B21021 /* Podfile */; };
		3CB130601E2D8B69000C25C0 /* CurrentWeather.swift in Sources */ = {isa = PBXBuildFile; fileRef = 3CB1305F1E2D8B69000C25C0 /* CurrentWeather.swift */; };
		3CB130621E2D8D40000C25C0 /* Constants.swift in Sources */ = {isa = PBXBuildFile; fileRef = 3CB130611E2D8D40000C25C0 /* Constants.swift */; };
		3CBE5DE51E4B2BB100F46CA6 /* WeatherCell.swift in Sources */ = {isa = PBXBuildFile; fileRef = 3CBE5DE41E4B2BB100F46CA6 /* WeatherCell.swift */; };
		3CBE5DEC1E4B650700F46CA6 /* Date+Extensions.swift in Sources */ = {isa = PBXBuildFile; fileRef = 3CBE5DEB1E4B650600F46CA6 /* Date+Extensions.swift */; };
		3CBE5DEE1E4B651700F46CA6 /* Double+Extensions.swift in Sources */ = {isa = PBXBuildFile; fileRef = 3CBE5DED1E4B651700F46CA6 /* Double+Extensions.swift */; };
		3CBE5DF01E4B652600F46CA6 /* Location+Extensions.swift in Sources */ = {isa = PBXBuildFile; fileRef = 3CBE5DEF1E4B652600F46CA6 /* Location+Extensions.swift */; };
		D83A07800DE386F1F358B9C9 /* Pods_WorldWeather.framework in Frameworks */ = {isa = PBXBuildFile; fileRef = 25628BDB6BBF5E11DF6ED8AE /* Pods_WorldWeather.framework */; };
/* End PBXBuildFile section */

/* Begin PBXFileReference section */
		25628BDB6BBF5E11DF6ED8AE /* Pods_WorldWeather.framework */ = {isa = PBXFileReference; explicitFileType = wrapper.framework; includeInIndex = 0; path = Pods_WorldWeather.framework; sourceTree = BUILT_PRODUCTS_DIR; };
		3C11A29D1E4A409D0087FD4F /* Forecast.swift */ = {isa = PBXFileReference; fileEncoding = 4; lastKnownFileType = sourcecode.swift; name = Forecast.swift; path = Classes/Forecast.swift; sourceTree = "<group>"; };
		3C53AFD51E2842F600A85DCF /* WeatherVC.swift */ = {isa = PBXFileReference; fileEncoding = 4; lastKnownFileType = sourcecode.swift; name = WeatherVC.swift; path = ViewControllers/WeatherVC/WeatherVC.swift; sourceTree = "<group>"; };
		3C6CA88C1E5226560018A430 /* CitiesVC.swift */ = {isa = PBXFileReference; fileEncoding = 4; lastKnownFileType = sourcecode.swift; name = CitiesVC.swift; path = ViewControllers/CitiesVC/CitiesVC.swift; sourceTree = "<group>"; };
		3C6CA88E1E522CC70018A430 /* City.swift */ = {isa = PBXFileReference; fileEncoding = 4; lastKnownFileType = sourcecode.swift; name = City.swift; path = Classes/City.swift; sourceTree = "<group>"; };
		3C954AAF1E4F68E800DAD9A3 /* WeatherServices.swift */ = {isa = PBXFileReference; fileEncoding = 4; lastKnownFileType = sourcecode.swift; name = WeatherServices.swift; path = Classes/Services/WeatherServices.swift; sourceTree = "<group>"; };
		3CA3210D1E26F2D8008B9F99 /* WorldWeather.app */ = {isa = PBXFileReference; explicitFileType = wrapper.application; includeInIndex = 0; path = WorldWeather.app; sourceTree = BUILT_PRODUCTS_DIR; };
		3CA321101E26F2D8008B9F99 /* AppDelegate.swift */ = {isa = PBXFileReference; lastKnownFileType = sourcecode.swift; path = AppDelegate.swift; sourceTree = "<group>"; };
		3CA321151E26F2D9008B9F99 /* Base */ = {isa = PBXFileReference; lastKnownFileType = file.storyboard; name = Base; path = Base.lproj/Main.storyboard; sourceTree = "<group>"; };
		3CA321171E26F2D9008B9F99 /* Assets.xcassets */ = {isa = PBXFileReference; lastKnownFileType = folder.assetcatalog; path = Assets.xcassets; sourceTree = "<group>"; };
		3CA3211A1E26F2D9008B9F99 /* Base */ = {isa = PBXFileReference; lastKnownFileType = file.storyboard; name = Base; path = Base.lproj/LaunchScreen.storyboard; sourceTree = "<group>"; };
		3CA3211C1E26F2D9008B9F99 /* Info.plist */ = {isa = PBXFileReference; lastKnownFileType = text.plist.xml; path = Info.plist; sourceTree = "<group>"; };
		3CAB54001E27A60800B21021 /* Podfile */ = {isa = PBXFileReference; fileEncoding = 4; lastKnownFileType = text; path = Podfile; sourceTree = SOURCE_ROOT; };
		3CB1305F1E2D8B69000C25C0 /* CurrentWeather.swift */ = {isa = PBXFileReference; fileEncoding = 4; lastKnownFileType = sourcecode.swift; name = CurrentWeather.swift; path = Classes/CurrentWeather.swift; sourceTree = "<group>"; };
		3CB130611E2D8D40000C25C0 /* Constants.swift */ = {isa = PBXFileReference; fileEncoding = 4; lastKnownFileType = sourcecode.swift; path = Constants.swift; sourceTree = "<group>"; };
		3CBE5DE41E4B2BB100F46CA6 /* WeatherCell.swift */ = {isa = PBXFileReference; fileEncoding = 4; lastKnownFileType = sourcecode.swift; name = WeatherCell.swift; path = Classes/UIControls/UICollectionViewCells/WeatherCell/WeatherCell.swift; sourceTree = "<group>"; };
		3CBE5DEB1E4B650600F46CA6 /* Date+Extensions.swift */ = {isa = PBXFileReference; fileEncoding = 4; lastKnownFileType = sourcecode.swift; name = "Date+Extensions.swift"; path = "Classes/Extensions/Date+Extensions.swift"; sourceTree = "<group>"; };
		3CBE5DED1E4B651700F46CA6 /* Double+Extensions.swift */ = {isa = PBXFileReference; fileEncoding = 4; lastKnownFileType = sourcecode.swift; name = "Double+Extensions.swift"; path = "Classes/Extensions/Double+Extensions.swift"; sourceTree = "<group>"; };
		3CBE5DEF1E4B652600F46CA6 /* Location+Extensions.swift */ = {isa = PBXFileReference; fileEncoding = 4; lastKnownFileType = sourcecode.swift; path = "Location+Extensions.swift"; sourceTree = "<group>"; };
		3CEA9BC897B8909EEAACF8D9 /* Pods-WorldWeather.release.xcconfig */ = {isa = PBXFileReference; includeInIndex = 1; lastKnownFileType = text.xcconfig; name = "Pods-WorldWeather.release.xcconfig"; path = "Pods/Target Support Files/Pods-WorldWeather/Pods-WorldWeather.release.xcconfig"; sourceTree = "<group>"; };
		F9989FC8E1DD2A23A9EB4CD9 /* Pods-WorldWeather.debug.xcconfig */ = {isa = PBXFileReference; includeInIndex = 1; lastKnownFileType = text.xcconfig; name = "Pods-WorldWeather.debug.xcconfig"; path = "Pods/Target Support Files/Pods-WorldWeather/Pods-WorldWeather.debug.xcconfig"; sourceTree = "<group>"; };
/* End PBXFileReference section */

/* Begin PBXFrameworksBuildPhase section */
		3CA3210A1E26F2D8008B9F99 /* Frameworks */ = {
			isa = PBXFrameworksBuildPhase;
			buildActionMask = 2147483647;
			files = (
				D83A07800DE386F1F358B9C9 /* Pods_WorldWeather.framework in Frameworks */,
			);
			runOnlyForDeploymentPostprocessing = 0;
		};
/* End PBXFrameworksBuildPhase section */

/* Begin PBXGroup section */
		33A695BC7DBDEE8655EC3A31 /* Pods */ = {
			isa = PBXGroup;
			children = (
				F9989FC8E1DD2A23A9EB4CD9 /* Pods-WorldWeather.debug.xcconfig */,
				3CEA9BC897B8909EEAACF8D9 /* Pods-WorldWeather.release.xcconfig */,
			);
			name = Pods;
			sourceTree = "<group>";
		};
		3C53AFCF1E28421800A85DCF /* Classes */ = {
			isa = PBXGroup;
			children = (
				3C954AB11E4F717900DAD9A3 /* Models */,
				3C954AAE1E4F68BC00DAD9A3 /* Services */,
				3CBE5DEA1E4B64F400F46CA6 /* Extensions */,
				3CBE5DDF1E4B28D600F46CA6 /* UIControls */,
			);
			name = Classes;
			sourceTree = "<group>";
		};
		3C53AFD01E28421E00A85DCF /* ViewControllers */ = {
			isa = PBXGroup;
			children = (
				3C6CA88B1E5226270018A430 /* CitiesVC */,
				3C53AFD41E28429900A85DCF /* WeatherVC */,
			);
			name = ViewControllers;
			sourceTree = "<group>";
		};
		3C53AFD11E28422700A85DCF /* Supporting Files */ = {
			isa = PBXGroup;
			children = (
				3CA321101E26F2D8008B9F99 /* AppDelegate.swift */,
				3CA3211C1E26F2D9008B9F99 /* Info.plist */,
				3CAB54001E27A60800B21021 /* Podfile */,
				3CB130611E2D8D40000C25C0 /* Constants.swift */,
			);
			name = "Supporting Files";
			sourceTree = "<group>";
		};
		3C53AFD21E28425400A85DCF /* Resources */ = {
			isa = PBXGroup;
			children = (
				3CA321171E26F2D9008B9F99 /* Assets.xcassets */,
			);
			name = Resources;
			sourceTree = "<group>";
		};
		3C53AFD31E28427300A85DCF /* Layouts */ = {
			isa = PBXGroup;
			children = (
				3CA321141E26F2D9008B9F99 /* Main.storyboard */,
				3CA321191E26F2D9008B9F99 /* LaunchScreen.storyboard */,
			);
			name = Layouts;
			sourceTree = "<group>";
		};
		3C53AFD41E28429900A85DCF /* WeatherVC */ = {
			isa = PBXGroup;
			children = (
				3C53AFD51E2842F600A85DCF /* WeatherVC.swift */,
			);
			name = WeatherVC;
			sourceTree = "<group>";
		};
		3C6CA88B1E5226270018A430 /* CitiesVC */ = {
			isa = PBXGroup;
			children = (
				3C6CA88C1E5226560018A430 /* CitiesVC.swift */,
			);
			name = CitiesVC;
			sourceTree = "<group>";
		};
		3C954AAE1E4F68BC00DAD9A3 /* Services */ = {
			isa = PBXGroup;
			children = (
				3C954AAF1E4F68E800DAD9A3 /* WeatherServices.swift */,
			);
			name = Services;
			sourceTree = "<group>";
		};
		3C954AB11E4F717900DAD9A3 /* Models */ = {
			isa = PBXGroup;
			children = (
				3CB1305F1E2D8B69000C25C0 /* CurrentWeather.swift */,
				3C11A29D1E4A409D0087FD4F /* Forecast.swift */,
				3C6CA88E1E522CC70018A430 /* City.swift */,
			);
			name = Models;
			sourceTree = "<group>";
		};
		3CA321041E26F2D8008B9F99 = {
			isa = PBXGroup;
			children = (
				3CA3210F1E26F2D8008B9F99 /* WorldWeather */,
				3CA3210E1E26F2D8008B9F99 /* Products */,
				33A695BC7DBDEE8655EC3A31 /* Pods */,
				49DFF4BA4181E2A2D2696F55 /* Frameworks */,
			);
			sourceTree = "<group>";
		};
		3CA3210E1E26F2D8008B9F99 /* Products */ = {
			isa = PBXGroup;
			children = (
				3CA3210D1E26F2D8008B9F99 /* WorldWeather.app */,
			);
			name = Products;
			sourceTree = "<group>";
		};
		3CA3210F1E26F2D8008B9F99 /* WorldWeather */ = {
			isa = PBXGroup;
			children = (
				3C53AFCF1E28421800A85DCF /* Classes */,
				3C53AFD31E28427300A85DCF /* Layouts */,
				3C53AFD01E28421E00A85DCF /* ViewControllers */,
				3C53AFD21E28425400A85DCF /* Resources */,
				3C53AFD11E28422700A85DCF /* Supporting Files */,
			);
			path = WorldWeather;
			sourceTree = "<group>";
		};
		3CBE5DDF1E4B28D600F46CA6 /* UIControls */ = {
			isa = PBXGroup;
			children = (
				3CBE5DE01E4B28E100F46CA6 /* UICollectionViewCells */,
			);
			name = UIControls;
			sourceTree = "<group>";
		};
		3CBE5DE01E4B28E100F46CA6 /* UICollectionViewCells */ = {
			isa = PBXGroup;
			children = (
				3CBE5DE11E4B28EB00F46CA6 /* WeatherCell */,
			);
			name = UICollectionViewCells;
			sourceTree = "<group>";
		};
		3CBE5DE11E4B28EB00F46CA6 /* WeatherCell */ = {
			isa = PBXGroup;
			children = (
				3CBE5DE41E4B2BB100F46CA6 /* WeatherCell.swift */,
			);
			name = WeatherCell;
			sourceTree = "<group>";
		};
		3CBE5DEA1E4B64F400F46CA6 /* Extensions */ = {
			isa = PBXGroup;
			children = (
				3CBE5DEB1E4B650600F46CA6 /* Date+Extensions.swift */,
				3CBE5DED1E4B651700F46CA6 /* Double+Extensions.swift */,
				3CBE5DEF1E4B652600F46CA6 /* Location+Extensions.swift */,
			);
			name = Extensions;
			sourceTree = "<group>";
		};
		49DFF4BA4181E2A2D2696F55 /* Frameworks */ = {
			isa = PBXGroup;
			children = (
				25628BDB6BBF5E11DF6ED8AE /* Pods_WorldWeather.framework */,
			);
			name = Frameworks;
			sourceTree = "<group>";
		};
/* End PBXGroup section */

/* Begin PBXNativeTarget section */
		3CA3210C1E26F2D8008B9F99 /* WorldWeather */ = {
			isa = PBXNativeTarget;
			buildConfigurationList = 3CA3211F1E26F2D9008B9F99 /* Build configuration list for PBXNativeTarget "WorldWeather" */;
			buildPhases = (
				2360D67A2E6BBF74B2477816 /* [CP] Check Pods Manifest.lock */,
				3CA321091E26F2D8008B9F99 /* Sources */,
				3CA3210A1E26F2D8008B9F99 /* Frameworks */,
				3CA3210B1E26F2D8008B9F99 /* Resources */,
				4B9804DF22E04F1448B7B068 /* [CP] Embed Pods Frameworks */,
				762ED0D15B574D07CF2EF187 /* [CP] Copy Pods Resources */,
			);
			buildRules = (
			);
			dependencies = (
			);
			name = WorldWeather;
			productName = WorldWeather;
			productReference = 3CA3210D1E26F2D8008B9F99 /* WorldWeather.app */;
			productType = "com.apple.product-type.application";
		};
/* End PBXNativeTarget section */

/* Begin PBXProject section */
		3CA321051E26F2D8008B9F99 /* Project object */ = {
			isa = PBXProject;
			attributes = {
				LastSwiftUpdateCheck = 0820;
				LastUpgradeCheck = 0820;
				ORGANIZATIONNAME = OnSoares;
				TargetAttributes = {
					3CA3210C1E26F2D8008B9F99 = {
						CreatedOnToolsVersion = 8.2.1;
						LastSwiftMigration = 0820;
						ProvisioningStyle = Manual;
					};
				};
			};
			buildConfigurationList = 3CA321081E26F2D8008B9F99 /* Build configuration list for PBXProject "WorldWeather" */;
			compatibilityVersion = "Xcode 3.2";
			developmentRegion = English;
			hasScannedForEncodings = 0;
			knownRegions = (
				en,
				Base,
			);
			mainGroup = 3CA321041E26F2D8008B9F99;
			productRefGroup = 3CA3210E1E26F2D8008B9F99 /* Products */;
			projectDirPath = "";
			projectRoot = "";
			targets = (
				3CA3210C1E26F2D8008B9F99 /* WorldWeather */,
			);
		};
/* End PBXProject section */

/* Begin PBXResourcesBuildPhase section */
		3CA3210B1E26F2D8008B9F99 /* Resources */ = {
			isa = PBXResourcesBuildPhase;
			buildActionMask = 2147483647;
			files = (
				3CA3211B1E26F2D9008B9F99 /* LaunchScreen.storyboard in Resources */,
				3CA321181E26F2D9008B9F99 /* Assets.xcassets in Resources */,
				3CAB54011E27A60800B21021 /* Podfile in Resources */,
				3CA321161E26F2D9008B9F99 /* Main.storyboard in Resources */,
			);
			runOnlyForDeploymentPostprocessing = 0;
		};
/* End PBXResourcesBuildPhase section */

/* Begin PBXShellScriptBuildPhase section */
		2360D67A2E6BBF74B2477816 /* [CP] Check Pods Manifest.lock */ = {
			isa = PBXShellScriptBuildPhase;
			buildActionMask = 2147483647;
			files = (
			);
			inputPaths = (
			);
			name = "[CP] Check Pods Manifest.lock";
			outputPaths = (
			);
			runOnlyForDeploymentPostprocessing = 0;
			shellPath = /bin/sh;
			shellScript = "diff \"${PODS_ROOT}/../Podfile.lock\" \"${PODS_ROOT}/Manifest.lock\" > /dev/null\nif [[ $? != 0 ]] ; then\n    cat << EOM\nerror: The sandbox is not in sync with the Podfile.lock. Run 'pod install' or update your CocoaPods installation.\nEOM\n    exit 1\nfi\n";
			showEnvVarsInLog = 0;
		};
		4B9804DF22E04F1448B7B068 /* [CP] Embed Pods Frameworks */ = {
			isa = PBXShellScriptBuildPhase;
			buildActionMask = 2147483647;
			files = (
			);
			inputPaths = (
			);
			name = "[CP] Embed Pods Frameworks";
			outputPaths = (
			);
			runOnlyForDeploymentPostprocessing = 0;
			shellPath = /bin/sh;
			shellScript = "\"${SRCROOT}/Pods/Target Support Files/Pods-WorldWeather/Pods-WorldWeather-frameworks.sh\"\n";
			showEnvVarsInLog = 0;
		};
		762ED0D15B574D07CF2EF187 /* [CP] Copy Pods Resources */ = {
			isa = PBXShellScriptBuildPhase;
			buildActionMask = 2147483647;
			files = (
			);
			inputPaths = (
			);
			name = "[CP] Copy Pods Resources";
			outputPaths = (
			);
			runOnlyForDeploymentPostprocessing = 0;
			shellPath = /bin/sh;
			shellScript = "\"${SRCROOT}/Pods/Target Support Files/Pods-WorldWeather/Pods-WorldWeather-resources.sh\"\n";
			showEnvVarsInLog = 0;
		};
/* End PBXShellScriptBuildPhase section */

/* Begin PBXSourcesBuildPhase section */
		3CA321091E26F2D8008B9F99 /* Sources */ = {
			isa = PBXSourcesBuildPhase;
			buildActionMask = 2147483647;
			files = (
				3C6CA88D1E5226560018A430 /* CitiesVC.swift in Sources */,
				3CA321111E26F2D8008B9F99 /* AppDelegate.swift in Sources */,
				3C6CA88F1E522CC70018A430 /* City.swift in Sources */,
				3CBE5DEC1E4B650700F46CA6 /* Date+Extensions.swift in Sources */,
				3CB130601E2D8B69000C25C0 /* CurrentWeather.swift in Sources */,
				3CBE5DEE1E4B651700F46CA6 /* Double+Extensions.swift in Sources */,
				3CBE5DE51E4B2BB100F46CA6 /* WeatherCell.swift in Sources */,
				3C53AFD61E2842F600A85DCF /* WeatherVC.swift in Sources */,
				3C954AB01E4F68E800DAD9A3 /* WeatherServices.swift in Sources */,
				3CB130621E2D8D40000C25C0 /* Constants.swift in Sources */,
				3C11A29E1E4A409D0087FD4F /* Forecast.swift in Sources */,
				3CBE5DF01E4B652600F46CA6 /* Location+Extensions.swift in Sources */,
			);
			runOnlyForDeploymentPostprocessing = 0;
		};
/* End PBXSourcesBuildPhase section */

/* Begin PBXVariantGroup section */
		3CA321141E26F2D9008B9F99 /* Main.storyboard */ = {
			isa = PBXVariantGroup;
			children = (
				3CA321151E26F2D9008B9F99 /* Base */,
			);
			name = Main.storyboard;
			sourceTree = "<group>";
		};
		3CA321191E26F2D9008B9F99 /* LaunchScreen.storyboard */ = {
			isa = PBXVariantGroup;
			children = (
				3CA3211A1E26F2D9008B9F99 /* Base */,
			);
			name = LaunchScreen.storyboard;
			sourceTree = "<group>";
		};
/* End PBXVariantGroup section */

/* Begin XCBuildConfiguration section */
		3CA3211D1E26F2D9008B9F99 /* Debug */ = {
			isa = XCBuildConfiguration;
			buildSettings = {
				ALWAYS_SEARCH_USER_PATHS = NO;
				CLANG_ANALYZER_NONNULL = YES;
				CLANG_CXX_LANGUAGE_STANDARD = "gnu++0x";
				CLANG_CXX_LIBRARY = "libc++";
				CLANG_ENABLE_MODULES = YES;
				CLANG_ENABLE_OBJC_ARC = YES;
				CLANG_WARN_BOOL_CONVERSION = YES;
				CLANG_WARN_CONSTANT_CONVERSION = YES;
				CLANG_WARN_DIRECT_OBJC_ISA_USAGE = YES_ERROR;
				CLANG_WARN_DOCUMENTATION_COMMENTS = YES;
				CLANG_WARN_EMPTY_BODY = YES;
				CLANG_WARN_ENUM_CONVERSION = YES;
				CLANG_WARN_INFINITE_RECURSION = YES;
				CLANG_WARN_INT_CONVERSION = YES;
				CLANG_WARN_OBJC_ROOT_CLASS = YES_ERROR;
				CLANG_WARN_SUSPICIOUS_MOVE = YES;
				CLANG_WARN_UNREACHABLE_CODE = YES;
				CLANG_WARN__DUPLICATE_METHOD_MATCH = YES;
				"CODE_SIGN_IDENTITY[sdk=iphoneos*]" = "iPhone Developer";
				COPY_PHASE_STRIP = NO;
				DEBUG_INFORMATION_FORMAT = dwarf;
				ENABLE_STRICT_OBJC_MSGSEND = YES;
				ENABLE_TESTABILITY = YES;
				GCC_C_LANGUAGE_STANDARD = gnu99;
				GCC_DYNAMIC_NO_PIC = NO;
				GCC_NO_COMMON_BLOCKS = YES;
				GCC_OPTIMIZATION_LEVEL = 0;
				GCC_PREPROCESSOR_DEFINITIONS = (
					"DEBUG=1",
					"$(inherited)",
				);
				GCC_WARN_64_TO_32_BIT_CONVERSION = YES;
				GCC_WARN_ABOUT_RETURN_TYPE = YES_ERROR;
				GCC_WARN_UNDECLARED_SELECTOR = YES;
				GCC_WARN_UNINITIALIZED_AUTOS = YES_AGGRESSIVE;
				GCC_WARN_UNUSED_FUNCTION = YES;
				GCC_WARN_UNUSED_VARIABLE = YES;
				IPHONEOS_DEPLOYMENT_TARGET = 10.2;
				MTL_ENABLE_DEBUG_INFO = YES;
				ONLY_ACTIVE_ARCH = YES;
				SDKROOT = iphoneos;
				SWIFT_ACTIVE_COMPILATION_CONDITIONS = DEBUG;
				SWIFT_OPTIMIZATION_LEVEL = "-Onone";
			};
			name = Debug;
		};
		3CA3211E1E26F2D9008B9F99 /* Release */ = {
			isa = XCBuildConfiguration;
			buildSettings = {
				ALWAYS_SEARCH_USER_PATHS = NO;
				CLANG_ANALYZER_NONNULL = YES;
				CLANG_CXX_LANGUAGE_STANDARD = "gnu++0x";
				CLANG_CXX_LIBRARY = "libc++";
				CLANG_ENABLE_MODULES = YES;
				CLANG_ENABLE_OBJC_ARC = YES;
				CLANG_WARN_BOOL_CONVERSION = YES;
				CLANG_WARN_CONSTANT_CONVERSION = YES;
				CLANG_WARN_DIRECT_OBJC_ISA_USAGE = YES_ERROR;
				CLANG_WARN_DOCUMENTATION_COMMENTS = YES;
				CLANG_WARN_EMPTY_BODY = YES;
				CLANG_WARN_ENUM_CONVERSION = YES;
				CLANG_WARN_INFINITE_RECURSION = YES;
				CLANG_WARN_INT_CONVERSION = YES;
				CLANG_WARN_OBJC_ROOT_CLASS = YES_ERROR;
				CLANG_WARN_SUSPICIOUS_MOVE = YES;
				CLANG_WARN_UNREACHABLE_CODE = YES;
				CLANG_WARN__DUPLICATE_METHOD_MATCH = YES;
				"CODE_SIGN_IDENTITY[sdk=iphoneos*]" = "iPhone Developer";
				COPY_PHASE_STRIP = NO;
				DEBUG_INFORMATION_FORMAT = "dwarf-with-dsym";
				ENABLE_NS_ASSERTIONS = NO;
				ENABLE_STRICT_OBJC_MSGSEND = YES;
				GCC_C_LANGUAGE_STANDARD = gnu99;
				GCC_NO_COMMON_BLOCKS = YES;
				GCC_WARN_64_TO_32_BIT_CONVERSION = YES;
				GCC_WARN_ABOUT_RETURN_TYPE = YES_ERROR;
				GCC_WARN_UNDECLARED_SELECTOR = YES;
				GCC_WARN_UNINITIALIZED_AUTOS = YES_AGGRESSIVE;
				GCC_WARN_UNUSED_FUNCTION = YES;
				GCC_WARN_UNUSED_VARIABLE = YES;
				IPHONEOS_DEPLOYMENT_TARGET = 10.2;
				MTL_ENABLE_DEBUG_INFO = NO;
				SDKROOT = iphoneos;
				SWIFT_OPTIMIZATION_LEVEL = "-Owholemodule";
				VALIDATE_PRODUCT = YES;
			};
			name = Release;
		};
		3CA321201E26F2D9008B9F99 /* Debug */ = {
			isa = XCBuildConfiguration;
			baseConfigurationReference = F9989FC8E1DD2A23A9EB4CD9 /* Pods-WorldWeather.debug.xcconfig */;
			buildSettings = {
				ASSETCATALOG_COMPILER_APPICON_NAME = AppIcon;
				DEVELOPMENT_TEAM = "";
				INFOPLIST_FILE = WorldWeather/Info.plist;
				LD_RUNPATH_SEARCH_PATHS = "$(inherited) @executable_path/Frameworks";
				PRODUCT_BUNDLE_IDENTIFIER = com.onsoares.WorldWeather;
				PRODUCT_NAME = "$(TARGET_NAME)";
				SWIFT_VERSION = 3.0;
			};
			name = Debug;
		};
		3CA321211E26F2D9008B9F99 /* Release */ = {
			isa = XCBuildConfiguration;
			baseConfigurationReference = 3CEA9BC897B8909EEAACF8D9 /* Pods-WorldWeather.release.xcconfig */;
			buildSettings = {
				ASSETCATALOG_COMPILER_APPICON_NAME = AppIcon;
				DEVELOPMENT_TEAM = "";
				INFOPLIST_FILE = WorldWeather/Info.plist;
				LD_RUNPATH_SEARCH_PATHS = "$(inherited) @executable_path/Frameworks";
				PRODUCT_BUNDLE_IDENTIFIER = com.onsoares.WorldWeather;
				PRODUCT_NAME = "$(TARGET_NAME)";
				SWIFT_VERSION = 3.0;
			};
			name = Release;
		};
/* End XCBuildConfiguration section */

/* Begin XCConfigurationList section */
		3CA321081E26F2D8008B9F99 /* Build configuration list for PBXProject "WorldWeather" */ = {
			isa = XCConfigurationList;
			buildConfigurations = (
				3CA3211D1E26F2D9008B9F99 /* Debug */,
				3CA3211E1E26F2D9008B9F99 /* Release */,
			);
			defaultConfigurationIsVisible = 0;
			defaultConfigurationName = Release;
		};
		3CA3211F1E26F2D9008B9F99 /* Build configuration list for PBXNativeTarget "WorldWeather" */ = {
			isa = XCConfigurationList;
			buildConfigurations = (
				3CA321201E26F2D9008B9F99 /* Debug */,
				3CA321211E26F2D9008B9F99 /* Release */,
			);
			defaultConfigurationIsVisible = 0;
			defaultConfigurationName = Release;
		};
/* End XCConfigurationList section */
	};
	rootObject = 3CA321051E26F2D8008B9F99 /* Project object */;
}
